{
  "name": "genetic-canvas",
  "version": "1.0.0",
  "lockfileVersion": 1,
  "requires": true,
  "dependencies": {
    "esm": {
      "version": "3.0.82",
      "resolved": "https://registry.npmjs.org/esm/-/esm-3.0.82.tgz",
      "integrity": "sha512-vakh2il2Q9QdwCUEiFQqtamOANcGATh5OlMRLaXsvOhuuzr/SXdngYw1rwJjesrljbnsq3+UZ5+3Y3uszc/U/w=="
    },
    "minimist": {
      "version": "1.2.0",
      "resolved": "http://registry.npmjs.org/minimist/-/minimist-1.2.0.tgz",
      "integrity": "sha1-o1AIsg9BOD7sH7kU9M1d95omQoQ="
    },
    "pngparse": {
      "version": "2.0.1",
      "resolved": "https://registry.npmjs.org/pngparse/-/pngparse-2.0.1.tgz",
      "integrity": "sha1-hoUt5N40n077HoUudSVlXlrF37g="
    }
  }
}
